// !$*UTF8*$!
{
	archiveVersion = 1;
	classes = {
	};
	objectVersion = 56;
	objects = {

/* Begin PBXBuildFile section */
		844C4813B873CA183FA08E75 /* Pods_BackUploadsWithAws.framework in Frameworks */ = {isa = PBXBuildFile; fileRef = 4BD194678257ECD87683E56E /* Pods_BackUploadsWithAws.framework */; };
		B101E2452AB3C54600744539 /* Helpers.swift in Sources */ = {isa = PBXBuildFile; fileRef = B101E2442AB3C54600744539 /* Helpers.swift */; };
		B101E2472AB3CB1700744539 /* FetchAllFolders.swift in Sources */ = {isa = PBXBuildFile; fileRef = B101E2462AB3CB1700744539 /* FetchAllFolders.swift */; };
		B10E621E2AB99D7C0093FB54 /* PreviewElement.swift in Sources */ = {isa = PBXBuildFile; fileRef = B10E621D2AB99D7C0093FB54 /* PreviewElement.swift */; };
		B11D01992ADD91B000AA2029 /* dummy.jpeg in Resources */ = {isa = PBXBuildFile; fileRef = B11D01982ADD91B000AA2029 /* dummy.jpeg */; };
		B12FFAEF2AF3325D006EA6D1 /* DeleteAnUploadFile.swift in Sources */ = {isa = PBXBuildFile; fileRef = B12FFAEE2AF3325D006EA6D1 /* DeleteAnUploadFile.swift */; };
		B13D98482AB84711007E106B /* AssetsPreviewViewModel.swift in Sources */ = {isa = PBXBuildFile; fileRef = B13D98472AB84711007E106B /* AssetsPreviewViewModel.swift */; };
		B13D984A2AB84764007E106B /* AssetsPreviewView.swift in Sources */ = {isa = PBXBuildFile; fileRef = B13D98492AB84764007E106B /* AssetsPreviewView.swift */; };
		B13D984E2AB84F7B007E106B /* PreviewMini.swift in Sources */ = {isa = PBXBuildFile; fileRef = B13D984D2AB84F7B007E106B /* PreviewMini.swift */; };
		B13D98502AB85A2E007E106B /* ImagePreview.swift in Sources */ = {isa = PBXBuildFile; fileRef = B13D984F2AB85A2E007E106B /* ImagePreview.swift */; };
		B13D98522AB85D50007E106B /* VideoPreview.swift in Sources */ = {isa = PBXBuildFile; fileRef = B13D98512AB85D50007E106B /* VideoPreview.swift */; };
		B13D98542AB860DD007E106B /* dummy.mp4 in Resources */ = {isa = PBXBuildFile; fileRef = B13D98532AB860DC007E106B /* dummy.mp4 */; };
		B13D98562AB861AF007E106B /* Resources.swift in Sources */ = {isa = PBXBuildFile; fileRef = B13D98552AB861AF007E106B /* Resources.swift */; };
		B13D98582AB862D6007E106B /* FilePreview.swift in Sources */ = {isa = PBXBuildFile; fileRef = B13D98572AB862D6007E106B /* FilePreview.swift */; };
		B13D985A2AB86715007E106B /* dummy.pdf in Resources */ = {isa = PBXBuildFile; fileRef = B13D98592AB86715007E106B /* dummy.pdf */; };
		B14162E12AB27E130095E986 /* OpenSans-Regular.ttf in Resources */ = {isa = PBXBuildFile; fileRef = B14162E02AB27E130095E986 /* OpenSans-Regular.ttf */; };
		B14162E42AB280090095E986 /* OngoingsView.swift in Sources */ = {isa = PBXBuildFile; fileRef = B14162E32AB280090095E986 /* OngoingsView.swift */; };
		B14162E62AB2801D0095E986 /* OngoingsViewModel.swift in Sources */ = {isa = PBXBuildFile; fileRef = B14162E52AB2801D0095E986 /* OngoingsViewModel.swift */; };
		B14162E82AB2808C0095E986 /* Navigations.swift in Sources */ = {isa = PBXBuildFile; fileRef = B14162E72AB2808C0095E986 /* Navigations.swift */; };
		B148370B2AB217FB007248BF /* OpenSans-SemiBold.ttf in Resources */ = {isa = PBXBuildFile; fileRef = B14837082AB217FB007248BF /* OpenSans-SemiBold.ttf */; };
		B148370C2AB217FB007248BF /* OpenSans-Bold.ttf in Resources */ = {isa = PBXBuildFile; fileRef = B14837092AB217FB007248BF /* OpenSans-Bold.ttf */; };
		B148C0802AB2F97D00048DCE /* ChatFolderApi.swift in Sources */ = {isa = PBXBuildFile; fileRef = B148C07F2AB2F97D00048DCE /* ChatFolderApi.swift */; };
		B148C0832AB2FC1000048DCE /* SearchFolders.swift in Sources */ = {isa = PBXBuildFile; fileRef = B148C0822AB2FC1000048DCE /* SearchFolders.swift */; };
		B148C0852AB2FCC400048DCE /* ApiError.swift in Sources */ = {isa = PBXBuildFile; fileRef = B148C0842AB2FCC400048DCE /* ApiError.swift */; };
		B148C0872AB30C7500048DCE /* folders.json in Resources */ = {isa = PBXBuildFile; fileRef = B148C0862AB30C7500048DCE /* folders.json */; };
		B148C08C2AB3136C00048DCE /* Toast.swift in Sources */ = {isa = PBXBuildFile; fileRef = B148C08B2AB3136C00048DCE /* Toast.swift */; };
		B148C08E2AB3137D00048DCE /* Toast.xib in Resources */ = {isa = PBXBuildFile; fileRef = B148C08D2AB3137D00048DCE /* Toast.xib */; };
		B148C0912AB31A3500048DCE /* FolderDetailsViewModel.swift in Sources */ = {isa = PBXBuildFile; fileRef = B148C0902AB31A3500048DCE /* FolderDetailsViewModel.swift */; };
		B148C0932AB31A4300048DCE /* FolderDetailsView.swift in Sources */ = {isa = PBXBuildFile; fileRef = B148C0922AB31A4300048DCE /* FolderDetailsView.swift */; };
		B17E923A2AB6F1ED00DF30FA /* FolderDetailsViewController.swift in Sources */ = {isa = PBXBuildFile; fileRef = B17E92392AB6F1ED00DF30FA /* FolderDetailsViewController.swift */; };
		B19465542AB06F8A00860FF7 /* ChatFolder.swift in Sources */ = {isa = PBXBuildFile; fileRef = B19465532AB06F8A00860FF7 /* ChatFolder.swift */; };
		B1B706322AB1FC0F008A1F35 /* ChatFile.swift in Sources */ = {isa = PBXBuildFile; fileRef = B1B706312AB1FC0F008A1F35 /* ChatFile.swift */; };
		B1B706342AB1FD39008A1F35 /* FileType.swift in Sources */ = {isa = PBXBuildFile; fileRef = B1B706332AB1FD39008A1F35 /* FileType.swift */; };
		B1B706382AB206BA008A1F35 /* ChatsViewModel.swift in Sources */ = {isa = PBXBuildFile; fileRef = B1B706372AB206BA008A1F35 /* ChatsViewModel.swift */; };
		B1B7063A2AB206CB008A1F35 /* ChatsView.swift in Sources */ = {isa = PBXBuildFile; fileRef = B1B706392AB206CB008A1F35 /* ChatsView.swift */; };
		B1CE9C052ADD579300DDE5C2 /* UpdateFolderContents.swift in Sources */ = {isa = PBXBuildFile; fileRef = B1CE9C042ADD579300DDE5C2 /* UpdateFolderContents.swift */; };
		B1CE9C082ADD890800DDE5C2 /* ChatFileLoadingPreview.swift in Sources */ = {isa = PBXBuildFile; fileRef = B1CE9C072ADD890800DDE5C2 /* ChatFileLoadingPreview.swift */; };
		B1DFC9792AE7317D003CB677 /* ChatFilePreview.swift in Sources */ = {isa = PBXBuildFile; fileRef = B1DFC9782AE7317D003CB677 /* ChatFilePreview.swift */; };
		B1DFC97B2AE749A7003CB677 /* UpdateAFile.swift in Sources */ = {isa = PBXBuildFile; fileRef = B1DFC97A2AE749A7003CB677 /* UpdateAFile.swift */; };
		B1DFC97D2AE74E13003CB677 /* FetchFolderContents.swift in Sources */ = {isa = PBXBuildFile; fileRef = B1DFC97C2AE74E13003CB677 /* FetchFolderContents.swift */; };
		B1DFC97F2AE75AEE003CB677 /* EventNames.swift in Sources */ = {isa = PBXBuildFile; fileRef = B1DFC97E2AE75AEE003CB677 /* EventNames.swift */; };
		B1E325C42AB03AB1003BF87D /* AppDelegate.swift in Sources */ = {isa = PBXBuildFile; fileRef = B1E325C32AB03AB1003BF87D /* AppDelegate.swift */; };
		B1E325C62AB03AB1003BF87D /* SceneDelegate.swift in Sources */ = {isa = PBXBuildFile; fileRef = B1E325C52AB03AB1003BF87D /* SceneDelegate.swift */; };
		B1E325CB2AB03AB1003BF87D /* Main.storyboard in Resources */ = {isa = PBXBuildFile; fileRef = B1E325C92AB03AB1003BF87D /* Main.storyboard */; };
		B1E325CD2AB03AB1003BF87D /* Assets.xcassets in Resources */ = {isa = PBXBuildFile; fileRef = B1E325CC2AB03AB1003BF87D /* Assets.xcassets */; };
		B1E325D02AB03AB1003BF87D /* LaunchScreen.storyboard in Resources */ = {isa = PBXBuildFile; fileRef = B1E325CE2AB03AB1003BF87D /* LaunchScreen.storyboard */; };
		B1E325D92AB03C5E003BF87D /* UploadService.swift in Sources */ = {isa = PBXBuildFile; fileRef = B1E325D82AB03C5E003BF87D /* UploadService.swift */; };
		B1E325DE2AB03D0C003BF87D /* TaskStatus.swift in Sources */ = {isa = PBXBuildFile; fileRef = B1E325DD2AB03D0C003BF87D /* TaskStatus.swift */; };
		B1E325E02AB03DEC003BF87D /* UploadFile.swift in Sources */ = {isa = PBXBuildFile; fileRef = B1E325DF2AB03DEC003BF87D /* UploadFile.swift */; };
		B1E325E32AB03FB9003BF87D /* S3Keys.swift in Sources */ = {isa = PBXBuildFile; fileRef = B1E325E22AB03FB9003BF87D /* S3Keys.swift */; };
		B1E325E52AB0421E003BF87D /* Constants.swift in Sources */ = {isa = PBXBuildFile; fileRef = B1E325E42AB0421E003BF87D /* Constants.swift */; };
		B1E325E72AB0436B003BF87D /* UploadTaskDelegate.swift in Sources */ = {isa = PBXBuildFile; fileRef = B1E325E62AB0436B003BF87D /* UploadTaskDelegate.swift */; };
		B1E325E92AB0507B003BF87D /* Extensions.swift in Sources */ = {isa = PBXBuildFile; fileRef = B1E325E82AB0507B003BF87D /* Extensions.swift */; };
/* End PBXBuildFile section */

/* Begin PBXFileReference section */
		0FEDDC2DAA64AB44339D42C3 /* Pods-BackUploadsWithAws.release.xcconfig */ = {isa = PBXFileReference; includeInIndex = 1; lastKnownFileType = text.xcconfig; name = "Pods-BackUploadsWithAws.release.xcconfig"; path = "Target Support Files/Pods-BackUploadsWithAws/Pods-BackUploadsWithAws.release.xcconfig"; sourceTree = "<group>"; };
		4BD194678257ECD87683E56E /* Pods_BackUploadsWithAws.framework */ = {isa = PBXFileReference; explicitFileType = wrapper.framework; includeInIndex = 0; path = Pods_BackUploadsWithAws.framework; sourceTree = BUILT_PRODUCTS_DIR; };
		B101E2442AB3C54600744539 /* Helpers.swift */ = {isa = PBXFileReference; lastKnownFileType = sourcecode.swift; path = Helpers.swift; sourceTree = "<group>"; };
		B101E2462AB3CB1700744539 /* FetchAllFolders.swift */ = {isa = PBXFileReference; lastKnownFileType = sourcecode.swift; path = FetchAllFolders.swift; sourceTree = "<group>"; };
		B10E621D2AB99D7C0093FB54 /* PreviewElement.swift */ = {isa = PBXFileReference; lastKnownFileType = sourcecode.swift; path = PreviewElement.swift; sourceTree = "<group>"; };
		B11D01982ADD91B000AA2029 /* dummy.jpeg */ = {isa = PBXFileReference; lastKnownFileType = image.jpeg; path = dummy.jpeg; sourceTree = "<group>"; };
		B12FFAEE2AF3325D006EA6D1 /* DeleteAnUploadFile.swift */ = {isa = PBXFileReference; lastKnownFileType = sourcecode.swift; path = DeleteAnUploadFile.swift; sourceTree = "<group>"; };
		B13D98472AB84711007E106B /* AssetsPreviewViewModel.swift */ = {isa = PBXFileReference; lastKnownFileType = sourcecode.swift; path = AssetsPreviewViewModel.swift; sourceTree = "<group>"; };
		B13D98492AB84764007E106B /* AssetsPreviewView.swift */ = {isa = PBXFileReference; lastKnownFileType = sourcecode.swift; path = AssetsPreviewView.swift; sourceTree = "<group>"; };
		B13D984D2AB84F7B007E106B /* PreviewMini.swift */ = {isa = PBXFileReference; lastKnownFileType = sourcecode.swift; path = PreviewMini.swift; sourceTree = "<group>"; };
		B13D984F2AB85A2E007E106B /* ImagePreview.swift */ = {isa = PBXFileReference; lastKnownFileType = sourcecode.swift; path = ImagePreview.swift; sourceTree = "<group>"; };
		B13D98512AB85D50007E106B /* VideoPreview.swift */ = {isa = PBXFileReference; lastKnownFileType = sourcecode.swift; path = VideoPreview.swift; sourceTree = "<group>"; };
		B13D98532AB860DC007E106B /* dummy.mp4 */ = {isa = PBXFileReference; lastKnownFileType = file; path = dummy.mp4; sourceTree = "<group>"; };
		B13D98552AB861AF007E106B /* Resources.swift */ = {isa = PBXFileReference; lastKnownFileType = sourcecode.swift; path = Resources.swift; sourceTree = "<group>"; };
		B13D98572AB862D6007E106B /* FilePreview.swift */ = {isa = PBXFileReference; lastKnownFileType = sourcecode.swift; path = FilePreview.swift; sourceTree = "<group>"; };
		B13D98592AB86715007E106B /* dummy.pdf */ = {isa = PBXFileReference; lastKnownFileType = image.pdf; path = dummy.pdf; sourceTree = "<group>"; };
		B14162E02AB27E130095E986 /* OpenSans-Regular.ttf */ = {isa = PBXFileReference; lastKnownFileType = file; path = "OpenSans-Regular.ttf"; sourceTree = "<group>"; };
		B14162E32AB280090095E986 /* OngoingsView.swift */ = {isa = PBXFileReference; lastKnownFileType = sourcecode.swift; path = OngoingsView.swift; sourceTree = "<group>"; };
		B14162E52AB2801D0095E986 /* OngoingsViewModel.swift */ = {isa = PBXFileReference; lastKnownFileType = sourcecode.swift; path = OngoingsViewModel.swift; sourceTree = "<group>"; };
		B14162E72AB2808C0095E986 /* Navigations.swift */ = {isa = PBXFileReference; lastKnownFileType = sourcecode.swift; path = Navigations.swift; sourceTree = "<group>"; };
		B14837082AB217FB007248BF /* OpenSans-SemiBold.ttf */ = {isa = PBXFileReference; lastKnownFileType = file; path = "OpenSans-SemiBold.ttf"; sourceTree = "<group>"; };
		B14837092AB217FB007248BF /* OpenSans-Bold.ttf */ = {isa = PBXFileReference; lastKnownFileType = file; path = "OpenSans-Bold.ttf"; sourceTree = "<group>"; };
		B148C07F2AB2F97D00048DCE /* ChatFolderApi.swift */ = {isa = PBXFileReference; lastKnownFileType = sourcecode.swift; path = ChatFolderApi.swift; sourceTree = "<group>"; };
		B148C0822AB2FC1000048DCE /* SearchFolders.swift */ = {isa = PBXFileReference; lastKnownFileType = sourcecode.swift; path = SearchFolders.swift; sourceTree = "<group>"; };
		B148C0842AB2FCC400048DCE /* ApiError.swift */ = {isa = PBXFileReference; lastKnownFileType = sourcecode.swift; path = ApiError.swift; sourceTree = "<group>"; };
		B148C0862AB30C7500048DCE /* folders.json */ = {isa = PBXFileReference; fileEncoding = 4; lastKnownFileType = text.json; path = folders.json; sourceTree = "<group>"; };
		B148C08B2AB3136C00048DCE /* Toast.swift */ = {isa = PBXFileReference; lastKnownFileType = sourcecode.swift; path = Toast.swift; sourceTree = "<group>"; };
		B148C08D2AB3137D00048DCE /* Toast.xib */ = {isa = PBXFileReference; lastKnownFileType = file.xib; path = Toast.xib; sourceTree = "<group>"; };
		B148C0902AB31A3500048DCE /* FolderDetailsViewModel.swift */ = {isa = PBXFileReference; lastKnownFileType = sourcecode.swift; path = FolderDetailsViewModel.swift; sourceTree = "<group>"; };
		B148C0922AB31A4300048DCE /* FolderDetailsView.swift */ = {isa = PBXFileReference; lastKnownFileType = sourcecode.swift; path = FolderDetailsView.swift; sourceTree = "<group>"; };
		B153FA972AF45E0D0016E783 /* README.md */ = {isa = PBXFileReference; lastKnownFileType = net.daringfireball.markdown; path = README.md; sourceTree = "<group>"; };
		B17E92392AB6F1ED00DF30FA /* FolderDetailsViewController.swift */ = {isa = PBXFileReference; lastKnownFileType = sourcecode.swift; path = FolderDetailsViewController.swift; sourceTree = "<group>"; };
		B19465532AB06F8A00860FF7 /* ChatFolder.swift */ = {isa = PBXFileReference; lastKnownFileType = sourcecode.swift; path = ChatFolder.swift; sourceTree = "<group>"; };
		B1B706312AB1FC0F008A1F35 /* ChatFile.swift */ = {isa = PBXFileReference; lastKnownFileType = sourcecode.swift; path = ChatFile.swift; sourceTree = "<group>"; };
		B1B706332AB1FD39008A1F35 /* FileType.swift */ = {isa = PBXFileReference; lastKnownFileType = sourcecode.swift; path = FileType.swift; sourceTree = "<group>"; };
		B1B706372AB206BA008A1F35 /* ChatsViewModel.swift */ = {isa = PBXFileReference; lastKnownFileType = sourcecode.swift; path = ChatsViewModel.swift; sourceTree = "<group>"; };
		B1B706392AB206CB008A1F35 /* ChatsView.swift */ = {isa = PBXFileReference; lastKnownFileType = sourcecode.swift; path = ChatsView.swift; sourceTree = "<group>"; };
		B1CE9C042ADD579300DDE5C2 /* UpdateFolderContents.swift */ = {isa = PBXFileReference; lastKnownFileType = sourcecode.swift; path = UpdateFolderContents.swift; sourceTree = "<group>"; };
		B1CE9C072ADD890800DDE5C2 /* ChatFileLoadingPreview.swift */ = {isa = PBXFileReference; lastKnownFileType = sourcecode.swift; path = ChatFileLoadingPreview.swift; sourceTree = "<group>"; };
		B1DFC9782AE7317D003CB677 /* ChatFilePreview.swift */ = {isa = PBXFileReference; lastKnownFileType = sourcecode.swift; path = ChatFilePreview.swift; sourceTree = "<group>"; };
		B1DFC97A2AE749A7003CB677 /* UpdateAFile.swift */ = {isa = PBXFileReference; lastKnownFileType = sourcecode.swift; path = UpdateAFile.swift; sourceTree = "<group>"; };
		B1DFC97C2AE74E13003CB677 /* FetchFolderContents.swift */ = {isa = PBXFileReference; lastKnownFileType = sourcecode.swift; path = FetchFolderContents.swift; sourceTree = "<group>"; };
		B1DFC97E2AE75AEE003CB677 /* EventNames.swift */ = {isa = PBXFileReference; lastKnownFileType = sourcecode.swift; path = EventNames.swift; sourceTree = "<group>"; };
		B1E325C02AB03AB1003BF87D /* BackUploadsWithAws.app */ = {isa = PBXFileReference; explicitFileType = wrapper.application; includeInIndex = 0; path = BackUploadsWithAws.app; sourceTree = BUILT_PRODUCTS_DIR; };
		B1E325C32AB03AB1003BF87D /* AppDelegate.swift */ = {isa = PBXFileReference; lastKnownFileType = sourcecode.swift; path = AppDelegate.swift; sourceTree = "<group>"; };
		B1E325C52AB03AB1003BF87D /* SceneDelegate.swift */ = {isa = PBXFileReference; lastKnownFileType = sourcecode.swift; path = SceneDelegate.swift; sourceTree = "<group>"; };
		B1E325CA2AB03AB1003BF87D /* Base */ = {isa = PBXFileReference; lastKnownFileType = file.storyboard; name = Base; path = Base.lproj/Main.storyboard; sourceTree = "<group>"; };
		B1E325CC2AB03AB1003BF87D /* Assets.xcassets */ = {isa = PBXFileReference; lastKnownFileType = folder.assetcatalog; path = Assets.xcassets; sourceTree = "<group>"; };
		B1E325CF2AB03AB1003BF87D /* Base */ = {isa = PBXFileReference; lastKnownFileType = file.storyboard; name = Base; path = Base.lproj/LaunchScreen.storyboard; sourceTree = "<group>"; };
		B1E325D12AB03AB1003BF87D /* Info.plist */ = {isa = PBXFileReference; lastKnownFileType = text.plist.xml; path = Info.plist; sourceTree = "<group>"; };
		B1E325D82AB03C5E003BF87D /* UploadService.swift */ = {isa = PBXFileReference; lastKnownFileType = sourcecode.swift; path = UploadService.swift; sourceTree = "<group>"; };
		B1E325DD2AB03D0C003BF87D /* TaskStatus.swift */ = {isa = PBXFileReference; lastKnownFileType = sourcecode.swift; path = TaskStatus.swift; sourceTree = "<group>"; };
		B1E325DF2AB03DEC003BF87D /* UploadFile.swift */ = {isa = PBXFileReference; lastKnownFileType = sourcecode.swift; path = UploadFile.swift; sourceTree = "<group>"; };
		B1E325E22AB03FB9003BF87D /* S3Keys.swift */ = {isa = PBXFileReference; lastKnownFileType = sourcecode.swift; path = S3Keys.swift; sourceTree = "<group>"; };
		B1E325E42AB0421E003BF87D /* Constants.swift */ = {isa = PBXFileReference; lastKnownFileType = sourcecode.swift; path = Constants.swift; sourceTree = "<group>"; };
		B1E325E62AB0436B003BF87D /* UploadTaskDelegate.swift */ = {isa = PBXFileReference; lastKnownFileType = sourcecode.swift; path = UploadTaskDelegate.swift; sourceTree = "<group>"; };
		B1E325E82AB0507B003BF87D /* Extensions.swift */ = {isa = PBXFileReference; lastKnownFileType = sourcecode.swift; path = Extensions.swift; sourceTree = "<group>"; };
		D80E558B846F212976AB7F19 /* Pods-BackUploadsWithAws.debug.xcconfig */ = {isa = PBXFileReference; includeInIndex = 1; lastKnownFileType = text.xcconfig; name = "Pods-BackUploadsWithAws.debug.xcconfig"; path = "Target Support Files/Pods-BackUploadsWithAws/Pods-BackUploadsWithAws.debug.xcconfig"; sourceTree = "<group>"; };
/* End PBXFileReference section */

/* Begin PBXFrameworksBuildPhase section */
		B1E325BD2AB03AB1003BF87D /* Frameworks */ = {
			isa = PBXFrameworksBuildPhase;
			buildActionMask = 2147483647;
			files = (
				844C4813B873CA183FA08E75 /* Pods_BackUploadsWithAws.framework in Frameworks */,
			);
			runOnlyForDeploymentPostprocessing = 0;
		};
/* End PBXFrameworksBuildPhase section */

/* Begin PBXGroup section */
		066881B1E40A0A51FA9C3107 /* Pods */ = {
			isa = PBXGroup;
			children = (
				D80E558B846F212976AB7F19 /* Pods-BackUploadsWithAws.debug.xcconfig */,
				0FEDDC2DAA64AB44339D42C3 /* Pods-BackUploadsWithAws.release.xcconfig */,
			);
			path = Pods;
			sourceTree = "<group>";
		};
		331842078A715537327D0FD0 /* Frameworks */ = {
			isa = PBXGroup;
			children = (
				4BD194678257ECD87683E56E /* Pods_BackUploadsWithAws.framework */,
			);
			name = Frameworks;
			sourceTree = "<group>";
		};
		B13D98462AB846E8007E106B /* AssetsPreview */ = {
			isa = PBXGroup;
			children = (
				B13D98492AB84764007E106B /* AssetsPreviewView.swift */,
				B13D98472AB84711007E106B /* AssetsPreviewViewModel.swift */,
			);
			path = AssetsPreview;
			sourceTree = "<group>";
		};
		B13D984C2AB84F5A007E106B /* Preview */ = {
			isa = PBXGroup;
			children = (
				B13D984D2AB84F7B007E106B /* PreviewMini.swift */,
				B13D984F2AB85A2E007E106B /* ImagePreview.swift */,
				B13D98512AB85D50007E106B /* VideoPreview.swift */,
				B13D98572AB862D6007E106B /* FilePreview.swift */,
			);
			path = Preview;
			sourceTree = "<group>";
		};
		B14162E22AB27FD70095E986 /* Ongoings */ = {
			isa = PBXGroup;
			children = (
				B14162E32AB280090095E986 /* OngoingsView.swift */,
				B14162E52AB2801D0095E986 /* OngoingsViewModel.swift */,
			);
			path = Ongoings;
			sourceTree = "<group>";
		};
		B148C0812AB2FB3900048DCE /* UseCase */ = {
			isa = PBXGroup;
			children = (
				B101E2462AB3CB1700744539 /* FetchAllFolders.swift */,
				B148C0822AB2FC1000048DCE /* SearchFolders.swift */,
				B1CE9C042ADD579300DDE5C2 /* UpdateFolderContents.swift */,
				B1DFC97A2AE749A7003CB677 /* UpdateAFile.swift */,
				B1DFC97C2AE74E13003CB677 /* FetchFolderContents.swift */,
				B12FFAEE2AF3325D006EA6D1 /* DeleteAnUploadFile.swift */,
			);
			path = UseCase;
			sourceTree = "<group>";
		};
		B148C0882AB3126D00048DCE /* Screens */ = {
			isa = PBXGroup;
			children = (
				B1B706362AB206A3008A1F35 /* Chats */,
				B148C08F2AB31A1300048DCE /* FolderDetails */,
				B14162E22AB27FD70095E986 /* Ongoings */,
				B13D98462AB846E8007E106B /* AssetsPreview */,
			);
			path = Screens;
			sourceTree = "<group>";
		};
		B148C0892AB3127C00048DCE /* Components */ = {
			isa = PBXGroup;
			children = (
				B1CE9C062ADD88D800DDE5C2 /* ChatFile */,
				B13D984C2AB84F5A007E106B /* Preview */,
				B148C08A2AB3135900048DCE /* Toast */,
			);
			path = Components;
			sourceTree = "<group>";
		};
		B148C08A2AB3135900048DCE /* Toast */ = {
			isa = PBXGroup;
			children = (
				B148C08B2AB3136C00048DCE /* Toast.swift */,
				B148C08D2AB3137D00048DCE /* Toast.xib */,
			);
			path = Toast;
			sourceTree = "<group>";
		};
		B148C08F2AB31A1300048DCE /* FolderDetails */ = {
			isa = PBXGroup;
			children = (
				B148C0922AB31A4300048DCE /* FolderDetailsView.swift */,
				B17E92392AB6F1ED00DF30FA /* FolderDetailsViewController.swift */,
				B148C0902AB31A3500048DCE /* FolderDetailsViewModel.swift */,
			);
			path = FolderDetails;
			sourceTree = "<group>";
		};
		B19465512AB06E4100860FF7 /* Data */ = {
			isa = PBXGroup;
			children = (
				B148C0842AB2FCC400048DCE /* ApiError.swift */,
				B148C07F2AB2F97D00048DCE /* ChatFolderApi.swift */,
			);
			path = Data;
			sourceTree = "<group>";
		};
		B1B706302AB1FBA9008A1F35 /* Upload */ = {
			isa = PBXGroup;
			children = (
				B1E325DD2AB03D0C003BF87D /* TaskStatus.swift */,
				B1E325DF2AB03DEC003BF87D /* UploadFile.swift */,
				B1E325E62AB0436B003BF87D /* UploadTaskDelegate.swift */,
				B1E325D82AB03C5E003BF87D /* UploadService.swift */,
			);
			path = Upload;
			sourceTree = "<group>";
		};
		B1B706352AB20676008A1F35 /* Presentation */ = {
			isa = PBXGroup;
			children = (
				B148C0892AB3127C00048DCE /* Components */,
				B148C0882AB3126D00048DCE /* Screens */,
			);
			path = Presentation;
			sourceTree = "<group>";
		};
		B1B706362AB206A3008A1F35 /* Chats */ = {
			isa = PBXGroup;
			children = (
				B1B706392AB206CB008A1F35 /* ChatsView.swift */,
				B1B706372AB206BA008A1F35 /* ChatsViewModel.swift */,
			);
			path = Chats;
			sourceTree = "<group>";
		};
		B1B7063B2AB20DEC008A1F35 /* Resources */ = {
			isa = PBXGroup;
			children = (
				B11D01982ADD91B000AA2029 /* dummy.jpeg */,
				B13D98592AB86715007E106B /* dummy.pdf */,
				B13D98532AB860DC007E106B /* dummy.mp4 */,
				B148C0862AB30C7500048DCE /* folders.json */,
				B1B7063C2AB20DF9008A1F35 /* Fonts */,
			);
			path = Resources;
			sourceTree = "<group>";
		};
		B1B7063C2AB20DF9008A1F35 /* Fonts */ = {
			isa = PBXGroup;
			children = (
				B14162E02AB27E130095E986 /* OpenSans-Regular.ttf */,
				B14837092AB217FB007248BF /* OpenSans-Bold.ttf */,
				B14837082AB217FB007248BF /* OpenSans-SemiBold.ttf */,
			);
			path = Fonts;
			sourceTree = "<group>";
		};
		B1CE9C062ADD88D800DDE5C2 /* ChatFile */ = {
			isa = PBXGroup;
			children = (
				B1CE9C072ADD890800DDE5C2 /* ChatFileLoadingPreview.swift */,
				B1DFC9782AE7317D003CB677 /* ChatFilePreview.swift */,
			);
			path = ChatFile;
			sourceTree = "<group>";
		};
		B1E325B72AB03AB0003BF87D = {
			isa = PBXGroup;
			children = (
				B1E325C22AB03AB1003BF87D /* BackUploadsWithAws */,
				B1E325C12AB03AB1003BF87D /* Products */,
				066881B1E40A0A51FA9C3107 /* Pods */,
				331842078A715537327D0FD0 /* Frameworks */,
				B153FA972AF45E0D0016E783 /* README.md */,
			);
			sourceTree = "<group>";
		};
		B1E325C12AB03AB1003BF87D /* Products */ = {
			isa = PBXGroup;
			children = (
				B1E325C02AB03AB1003BF87D /* BackUploadsWithAws.app */,
			);
			name = Products;
			sourceTree = "<group>";
		};
		B1E325C22AB03AB1003BF87D /* BackUploadsWithAws */ = {
			isa = PBXGroup;
			children = (
				B1B7063B2AB20DEC008A1F35 /* Resources */,
				B1E325DB2AB03CC5003BF87D /* Core */,
				B19465512AB06E4100860FF7 /* Data */,
				B1E325DA2AB03C89003BF87D /* Domain */,
				B1B706352AB20676008A1F35 /* Presentation */,
				B1E325C32AB03AB1003BF87D /* AppDelegate.swift */,
				B1E325C52AB03AB1003BF87D /* SceneDelegate.swift */,
				B1E325C92AB03AB1003BF87D /* Main.storyboard */,
				B1E325CC2AB03AB1003BF87D /* Assets.xcassets */,
				B1E325CE2AB03AB1003BF87D /* LaunchScreen.storyboard */,
				B1E325D12AB03AB1003BF87D /* Info.plist */,
			);
			path = BackUploadsWithAws;
			sourceTree = "<group>";
		};
		B1E325D72AB03C37003BF87D /* Services */ = {
			isa = PBXGroup;
			children = (
				B1B706302AB1FBA9008A1F35 /* Upload */,
			);
			path = Services;
			sourceTree = "<group>";
		};
		B1E325DA2AB03C89003BF87D /* Domain */ = {
			isa = PBXGroup;
			children = (
				B1E325DC2AB03CDB003BF87D /* Model */,
				B148C0812AB2FB3900048DCE /* UseCase */,
			);
			path = Domain;
			sourceTree = "<group>";
		};
		B1E325DB2AB03CC5003BF87D /* Core */ = {
			isa = PBXGroup;
			children = (
				B1E325E12AB03F81003BF87D /* Utils */,
				B1E325D72AB03C37003BF87D /* Services */,
			);
			path = Core;
			sourceTree = "<group>";
		};
		B1E325DC2AB03CDB003BF87D /* Model */ = {
			isa = PBXGroup;
			children = (
				B19465532AB06F8A00860FF7 /* ChatFolder.swift */,
				B1B706312AB1FC0F008A1F35 /* ChatFile.swift */,
				B1B706332AB1FD39008A1F35 /* FileType.swift */,
				B10E621D2AB99D7C0093FB54 /* PreviewElement.swift */,
			);
			path = Model;
			sourceTree = "<group>";
		};
		B1E325E12AB03F81003BF87D /* Utils */ = {
			isa = PBXGroup;
			children = (
				B1E325E22AB03FB9003BF87D /* S3Keys.swift */,
				B101E2442AB3C54600744539 /* Helpers.swift */,
				B1E325E42AB0421E003BF87D /* Constants.swift */,
				B1E325E82AB0507B003BF87D /* Extensions.swift */,
				B14162E72AB2808C0095E986 /* Navigations.swift */,
				B13D98552AB861AF007E106B /* Resources.swift */,
				B1DFC97E2AE75AEE003CB677 /* EventNames.swift */,
			);
			path = Utils;
			sourceTree = "<group>";
		};
/* End PBXGroup section */

/* Begin PBXNativeTarget section */
		B1E325BF2AB03AB1003BF87D /* BackUploadsWithAws */ = {
			isa = PBXNativeTarget;
			buildConfigurationList = B1E325D42AB03AB1003BF87D /* Build configuration list for PBXNativeTarget "BackUploadsWithAws" */;
			buildPhases = (
				0AAF74CC6CEA0BA64773DDFA /* [CP] Check Pods Manifest.lock */,
				B1E325BC2AB03AB1003BF87D /* Sources */,
				B1E325BD2AB03AB1003BF87D /* Frameworks */,
				B1E325BE2AB03AB1003BF87D /* Resources */,
				546348B20482FB16929F7F4D /* [CP] Embed Pods Frameworks */,
			);
			buildRules = (
			);
			dependencies = (
			);
			name = BackUploadsWithAws;
			productName = BackUploadsWithAws;
			productReference = B1E325C02AB03AB1003BF87D /* BackUploadsWithAws.app */;
			productType = "com.apple.product-type.application";
		};
/* End PBXNativeTarget section */

/* Begin PBXProject section */
		B1E325B82AB03AB0003BF87D /* Project object */ = {
			isa = PBXProject;
			attributes = {
				BuildIndependentTargetsInParallel = 1;
				LastSwiftUpdateCheck = 1430;
				LastUpgradeCheck = 1430;
				TargetAttributes = {
					B1E325BF2AB03AB1003BF87D = {
						CreatedOnToolsVersion = 14.3.1;
					};
				};
			};
			buildConfigurationList = B1E325BB2AB03AB0003BF87D /* Build configuration list for PBXProject "BackUploadsWithAws" */;
			compatibilityVersion = "Xcode 14.0";
			developmentRegion = en;
			hasScannedForEncodings = 0;
			knownRegions = (
				en,
				Base,
			);
			mainGroup = B1E325B72AB03AB0003BF87D;
			productRefGroup = B1E325C12AB03AB1003BF87D /* Products */;
			projectDirPath = "";
			projectRoot = "";
			targets = (
				B1E325BF2AB03AB1003BF87D /* BackUploadsWithAws */,
			);
		};
/* End PBXProject section */

/* Begin PBXResourcesBuildPhase section */
		B1E325BE2AB03AB1003BF87D /* Resources */ = {
			isa = PBXResourcesBuildPhase;
			buildActionMask = 2147483647;
			files = (
				B13D985A2AB86715007E106B /* dummy.pdf in Resources */,
				B11D01992ADD91B000AA2029 /* dummy.jpeg in Resources */,
				B1E325D02AB03AB1003BF87D /* LaunchScreen.storyboard in Resources */,
				B1E325CD2AB03AB1003BF87D /* Assets.xcassets in Resources */,
				B148370C2AB217FB007248BF /* OpenSans-Bold.ttf in Resources */,
				B148370B2AB217FB007248BF /* OpenSans-SemiBold.ttf in Resources */,
				B148C0872AB30C7500048DCE /* folders.json in Resources */,
				B148C08E2AB3137D00048DCE /* Toast.xib in Resources */,
				B14162E12AB27E130095E986 /* OpenSans-Regular.ttf in Resources */,
				B13D98542AB860DD007E106B /* dummy.mp4 in Resources */,
				B1E325CB2AB03AB1003BF87D /* Main.storyboard in Resources */,
			);
			runOnlyForDeploymentPostprocessing = 0;
		};
/* End PBXResourcesBuildPhase section */

/* Begin PBXShellScriptBuildPhase section */
		0AAF74CC6CEA0BA64773DDFA /* [CP] Check Pods Manifest.lock */ = {
			isa = PBXShellScriptBuildPhase;
			buildActionMask = 2147483647;
			files = (
			);
			inputFileListPaths = (
			);
			inputPaths = (
				"${PODS_PODFILE_DIR_PATH}/Podfile.lock",
				"${PODS_ROOT}/Manifest.lock",
			);
			name = "[CP] Check Pods Manifest.lock";
			outputFileListPaths = (
			);
			outputPaths = (
				"$(DERIVED_FILE_DIR)/Pods-BackUploadsWithAws-checkManifestLockResult.txt",
			);
			runOnlyForDeploymentPostprocessing = 0;
			shellPath = /bin/sh;
			shellScript = "diff \"${PODS_PODFILE_DIR_PATH}/Podfile.lock\" \"${PODS_ROOT}/Manifest.lock\" > /dev/null\nif [ $? != 0 ] ; then\n    # print error to STDERR\n    echo \"error: The sandbox is not in sync with the Podfile.lock. Run 'pod install' or update your CocoaPods installation.\" >&2\n    exit 1\nfi\n# This output is used by Xcode 'outputs' to avoid re-running this script phase.\necho \"SUCCESS\" > \"${SCRIPT_OUTPUT_FILE_0}\"\n";
			showEnvVarsInLog = 0;
		};
		546348B20482FB16929F7F4D /* [CP] Embed Pods Frameworks */ = {
			isa = PBXShellScriptBuildPhase;
			buildActionMask = 2147483647;
			files = (
			);
			inputFileListPaths = (
				"${PODS_ROOT}/Target Support Files/Pods-BackUploadsWithAws/Pods-BackUploadsWithAws-frameworks-${CONFIGURATION}-input-files.xcfilelist",
			);
			name = "[CP] Embed Pods Frameworks";
			outputFileListPaths = (
				"${PODS_ROOT}/Target Support Files/Pods-BackUploadsWithAws/Pods-BackUploadsWithAws-frameworks-${CONFIGURATION}-output-files.xcfilelist",
			);
			runOnlyForDeploymentPostprocessing = 0;
			shellPath = /bin/sh;
			shellScript = "\"${PODS_ROOT}/Target Support Files/Pods-BackUploadsWithAws/Pods-BackUploadsWithAws-frameworks.sh\"\n";
			showEnvVarsInLog = 0;
		};
/* End PBXShellScriptBuildPhase section */

/* Begin PBXSourcesBuildPhase section */
		B1E325BC2AB03AB1003BF87D /* Sources */ = {
			isa = PBXSourcesBuildPhase;
			buildActionMask = 2147483647;
			files = (
				B19465542AB06F8A00860FF7 /* ChatFolder.swift in Sources */,
				B1E325E02AB03DEC003BF87D /* UploadFile.swift in Sources */,
				B14162E62AB2801D0095E986 /* OngoingsViewModel.swift in Sources */,
				B101E2472AB3CB1700744539 /* FetchAllFolders.swift in Sources */,
				B1DFC97D2AE74E13003CB677 /* FetchFolderContents.swift in Sources */,
				B13D98502AB85A2E007E106B /* ImagePreview.swift in Sources */,
				B13D98562AB861AF007E106B /* Resources.swift in Sources */,
				B1E325D92AB03C5E003BF87D /* UploadService.swift in Sources */,
				B1E325E72AB0436B003BF87D /* UploadTaskDelegate.swift in Sources */,
				B13D98482AB84711007E106B /* AssetsPreviewViewModel.swift in Sources */,
				B1B706342AB1FD39008A1F35 /* FileType.swift in Sources */,
				B1B706382AB206BA008A1F35 /* ChatsViewModel.swift in Sources */,
				B148C0832AB2FC1000048DCE /* SearchFolders.swift in Sources */,
				B1E325C42AB03AB1003BF87D /* AppDelegate.swift in Sources */,
				B1E325E92AB0507B003BF87D /* Extensions.swift in Sources */,
				B1E325DE2AB03D0C003BF87D /* TaskStatus.swift in Sources */,
				B148C0802AB2F97D00048DCE /* ChatFolderApi.swift in Sources */,
				B1DFC97F2AE75AEE003CB677 /* EventNames.swift in Sources */,
				B1DFC9792AE7317D003CB677 /* ChatFilePreview.swift in Sources */,
				B13D984A2AB84764007E106B /* AssetsPreviewView.swift in Sources */,
				B14162E82AB2808C0095E986 /* Navigations.swift in Sources */,
				B148C08C2AB3136C00048DCE /* Toast.swift in Sources */,
				B13D98522AB85D50007E106B /* VideoPreview.swift in Sources */,
				B17E923A2AB6F1ED00DF30FA /* FolderDetailsViewController.swift in Sources */,
				B148C0852AB2FCC400048DCE /* ApiError.swift in Sources */,
				B12FFAEF2AF3325D006EA6D1 /* DeleteAnUploadFile.swift in Sources */,
				B1CE9C052ADD579300DDE5C2 /* UpdateFolderContents.swift in Sources */,
				B14162E42AB280090095E986 /* OngoingsView.swift in Sources */,
				B1E325C62AB03AB1003BF87D /* SceneDelegate.swift in Sources */,
				B148C0912AB31A3500048DCE /* FolderDetailsViewModel.swift in Sources */,
				B1CE9C082ADD890800DDE5C2 /* ChatFileLoadingPreview.swift in Sources */,
				B13D984E2AB84F7B007E106B /* PreviewMini.swift in Sources */,
				B13D98582AB862D6007E106B /* FilePreview.swift in Sources */,
				B1E325E32AB03FB9003BF87D /* S3Keys.swift in Sources */,
				B101E2452AB3C54600744539 /* Helpers.swift in Sources */,
				B1DFC97B2AE749A7003CB677 /* UpdateAFile.swift in Sources */,
				B148C0932AB31A4300048DCE /* FolderDetailsView.swift in Sources */,
				B1B7063A2AB206CB008A1F35 /* ChatsView.swift in Sources */,
				B10E621E2AB99D7C0093FB54 /* PreviewElement.swift in Sources */,
				B1E325E52AB0421E003BF87D /* Constants.swift in Sources */,
				B1B706322AB1FC0F008A1F35 /* ChatFile.swift in Sources */,
			);
			runOnlyForDeploymentPostprocessing = 0;
		};
/* End PBXSourcesBuildPhase section */

/* Begin PBXVariantGroup section */
		B1E325C92AB03AB1003BF87D /* Main.storyboard */ = {
			isa = PBXVariantGroup;
			children = (
				B1E325CA2AB03AB1003BF87D /* Base */,
			);
			name = Main.storyboard;
			sourceTree = "<group>";
		};
		B1E325CE2AB03AB1003BF87D /* LaunchScreen.storyboard */ = {
			isa = PBXVariantGroup;
			children = (
				B1E325CF2AB03AB1003BF87D /* Base */,
			);
			name = LaunchScreen.storyboard;
			sourceTree = "<group>";
		};
/* End PBXVariantGroup section */

/* Begin XCBuildConfiguration section */
		B1E325D22AB03AB1003BF87D /* Debug */ = {
			isa = XCBuildConfiguration;
			buildSettings = {
				ALWAYS_SEARCH_USER_PATHS = NO;
				CLANG_ANALYZER_NONNULL = YES;
				CLANG_ANALYZER_NUMBER_OBJECT_CONVERSION = YES_AGGRESSIVE;
				CLANG_CXX_LANGUAGE_STANDARD = "gnu++20";
				CLANG_ENABLE_MODULES = YES;
				CLANG_ENABLE_OBJC_ARC = YES;
				CLANG_ENABLE_OBJC_WEAK = YES;
				CLANG_WARN_BLOCK_CAPTURE_AUTORELEASING = YES;
				CLANG_WARN_BOOL_CONVERSION = YES;
				CLANG_WARN_COMMA = YES;
				CLANG_WARN_CONSTANT_CONVERSION = YES;
				CLANG_WARN_DEPRECATED_OBJC_IMPLEMENTATIONS = YES;
				CLANG_WARN_DIRECT_OBJC_ISA_USAGE = YES_ERROR;
				CLANG_WARN_DOCUMENTATION_COMMENTS = YES;
				CLANG_WARN_EMPTY_BODY = YES;
				CLANG_WARN_ENUM_CONVERSION = YES;
				CLANG_WARN_INFINITE_RECURSION = YES;
				CLANG_WARN_INT_CONVERSION = YES;
				CLANG_WARN_NON_LITERAL_NULL_CONVERSION = YES;
				CLANG_WARN_OBJC_IMPLICIT_RETAIN_SELF = YES;
				CLANG_WARN_OBJC_LITERAL_CONVERSION = YES;
				CLANG_WARN_OBJC_ROOT_CLASS = YES_ERROR;
				CLANG_WARN_QUOTED_INCLUDE_IN_FRAMEWORK_HEADER = YES;
				CLANG_WARN_RANGE_LOOP_ANALYSIS = YES;
				CLANG_WARN_STRICT_PROTOTYPES = YES;
				CLANG_WARN_SUSPICIOUS_MOVE = YES;
				CLANG_WARN_UNGUARDED_AVAILABILITY = YES_AGGRESSIVE;
				CLANG_WARN_UNREACHABLE_CODE = YES;
				CLANG_WARN__DUPLICATE_METHOD_MATCH = YES;
				COPY_PHASE_STRIP = NO;
				DEBUG_INFORMATION_FORMAT = dwarf;
				ENABLE_STRICT_OBJC_MSGSEND = YES;
				ENABLE_TESTABILITY = YES;
				GCC_C_LANGUAGE_STANDARD = gnu11;
				GCC_DYNAMIC_NO_PIC = NO;
				GCC_NO_COMMON_BLOCKS = YES;
				GCC_OPTIMIZATION_LEVEL = 0;
				GCC_PREPROCESSOR_DEFINITIONS = (
					"DEBUG=1",
					"$(inherited)",
				);
				GCC_WARN_64_TO_32_BIT_CONVERSION = YES;
				GCC_WARN_ABOUT_RETURN_TYPE = YES_ERROR;
				GCC_WARN_UNDECLARED_SELECTOR = YES;
				GCC_WARN_UNINITIALIZED_AUTOS = YES_AGGRESSIVE;
				GCC_WARN_UNUSED_FUNCTION = YES;
				GCC_WARN_UNUSED_VARIABLE = YES;
				IPHONEOS_DEPLOYMENT_TARGET = 16.4;
				MTL_ENABLE_DEBUG_INFO = INCLUDE_SOURCE;
				MTL_FAST_MATH = YES;
				ONLY_ACTIVE_ARCH = YES;
				SDKROOT = iphoneos;
				SWIFT_ACTIVE_COMPILATION_CONDITIONS = DEBUG;
				SWIFT_OPTIMIZATION_LEVEL = "-Onone";
			};
			name = Debug;
		};
		B1E325D32AB03AB1003BF87D /* Release */ = {
			isa = XCBuildConfiguration;
			buildSettings = {
				ALWAYS_SEARCH_USER_PATHS = NO;
				CLANG_ANALYZER_NONNULL = YES;
				CLANG_ANALYZER_NUMBER_OBJECT_CONVERSION = YES_AGGRESSIVE;
				CLANG_CXX_LANGUAGE_STANDARD = "gnu++20";
				CLANG_ENABLE_MODULES = YES;
				CLANG_ENABLE_OBJC_ARC = YES;
				CLANG_ENABLE_OBJC_WEAK = YES;
				CLANG_WARN_BLOCK_CAPTURE_AUTORELEASING = YES;
				CLANG_WARN_BOOL_CONVERSION = YES;
				CLANG_WARN_COMMA = YES;
				CLANG_WARN_CONSTANT_CONVERSION = YES;
				CLANG_WARN_DEPRECATED_OBJC_IMPLEMENTATIONS = YES;
				CLANG_WARN_DIRECT_OBJC_ISA_USAGE = YES_ERROR;
				CLANG_WARN_DOCUMENTATION_COMMENTS = YES;
				CLANG_WARN_EMPTY_BODY = YES;
				CLANG_WARN_ENUM_CONVERSION = YES;
				CLANG_WARN_INFINITE_RECURSION = YES;
				CLANG_WARN_INT_CONVERSION = YES;
				CLANG_WARN_NON_LITERAL_NULL_CONVERSION = YES;
				CLANG_WARN_OBJC_IMPLICIT_RETAIN_SELF = YES;
				CLANG_WARN_OBJC_LITERAL_CONVERSION = YES;
				CLANG_WARN_OBJC_ROOT_CLASS = YES_ERROR;
				CLANG_WARN_QUOTED_INCLUDE_IN_FRAMEWORK_HEADER = YES;
				CLANG_WARN_RANGE_LOOP_ANALYSIS = YES;
				CLANG_WARN_STRICT_PROTOTYPES = YES;
				CLANG_WARN_SUSPICIOUS_MOVE = YES;
				CLANG_WARN_UNGUARDED_AVAILABILITY = YES_AGGRESSIVE;
				CLANG_WARN_UNREACHABLE_CODE = YES;
				CLANG_WARN__DUPLICATE_METHOD_MATCH = YES;
				COPY_PHASE_STRIP = NO;
				DEBUG_INFORMATION_FORMAT = "dwarf-with-dsym";
				ENABLE_NS_ASSERTIONS = NO;
				ENABLE_STRICT_OBJC_MSGSEND = YES;
				GCC_C_LANGUAGE_STANDARD = gnu11;
				GCC_NO_COMMON_BLOCKS = YES;
				GCC_WARN_64_TO_32_BIT_CONVERSION = YES;
				GCC_WARN_ABOUT_RETURN_TYPE = YES_ERROR;
				GCC_WARN_UNDECLARED_SELECTOR = YES;
				GCC_WARN_UNINITIALIZED_AUTOS = YES_AGGRESSIVE;
				GCC_WARN_UNUSED_FUNCTION = YES;
				GCC_WARN_UNUSED_VARIABLE = YES;
				IPHONEOS_DEPLOYMENT_TARGET = 16.4;
				MTL_ENABLE_DEBUG_INFO = NO;
				MTL_FAST_MATH = YES;
				SDKROOT = iphoneos;
				SWIFT_COMPILATION_MODE = wholemodule;
				SWIFT_OPTIMIZATION_LEVEL = "-O";
				VALIDATE_PRODUCT = YES;
			};
			name = Release;
		};
		B1E325D52AB03AB1003BF87D /* Debug */ = {
			isa = XCBuildConfiguration;
			baseConfigurationReference = D80E558B846F212976AB7F19 /* Pods-BackUploadsWithAws.debug.xcconfig */;
			buildSettings = {
				ASSETCATALOG_COMPILER_APPICON_NAME = AppIcon;
				ASSETCATALOG_COMPILER_GLOBAL_ACCENT_COLOR_NAME = AccentColor;
				CODE_SIGN_STYLE = Automatic;
				CURRENT_PROJECT_VERSION = 1;
				DEVELOPMENT_TEAM = 22U79C2DSK;
				GENERATE_INFOPLIST_FILE = YES;
				INFOPLIST_FILE = BackUploadsWithAws/Info.plist;
				INFOPLIST_KEY_CFBundleDisplayName = "Backs Up";
				INFOPLIST_KEY_NSCameraUsageDescription = "Please let BackUploadsWithAws access your camera for better usage experience";
				INFOPLIST_KEY_NSMicrophoneUsageDescription = "Please let BackUploadsWithAws access your microphone for better usage experience";
				INFOPLIST_KEY_NSPhotoLibraryUsageDescription = "Please let BackUploadsWithAws access your photo library for better usage experience";
				INFOPLIST_KEY_UIApplicationSupportsIndirectInputEvents = YES;
				INFOPLIST_KEY_UILaunchStoryboardName = LaunchScreen;
				INFOPLIST_KEY_UIMainStoryboardFile = Main;
				INFOPLIST_KEY_UIStatusBarStyle = UIStatusBarStyleDarkContent;
				INFOPLIST_KEY_UISupportedInterfaceOrientations = UIInterfaceOrientationPortrait;
				INFOPLIST_KEY_UISupportedInterfaceOrientations_iPad = "UIInterfaceOrientationLandscapeLeft UIInterfaceOrientationLandscapeRight UIInterfaceOrientationPortrait UIInterfaceOrientationPortraitUpsideDown";
				INFOPLIST_KEY_UIUserInterfaceStyle = Light;
				IPHONEOS_DEPLOYMENT_TARGET = 15.0;
				LD_RUNPATH_SEARCH_PATHS = (
					"$(inherited)",
					"@executable_path/Frameworks",
				);
				MARKETING_VERSION = 1.0;
				PRODUCT_BUNDLE_IDENTIFIER = com.ezengold.BackUploadsWithAws;
				PRODUCT_NAME = "$(TARGET_NAME)";
				SUPPORTED_PLATFORMS = "iphoneos iphonesimulator";
				SUPPORTS_MACCATALYST = NO;
				SUPPORTS_MAC_DESIGNED_FOR_IPHONE_IPAD = NO;
				SWIFT_EMIT_LOC_STRINGS = YES;
				SWIFT_VERSION = 5.0;
				TARGETED_DEVICE_FAMILY = 1;
			};
			name = Debug;
		};
		B1E325D62AB03AB1003BF87D /* Release */ = {
			isa = XCBuildConfiguration;
			baseConfigurationReference = 0FEDDC2DAA64AB44339D42C3 /* Pods-BackUploadsWithAws.release.xcconfig */;
			buildSettings = {
				ASSETCATALOG_COMPILER_APPICON_NAME = AppIcon;
				ASSETCATALOG_COMPILER_GLOBAL_ACCENT_COLOR_NAME = AccentColor;
				CODE_SIGN_STYLE = Automatic;
				CURRENT_PROJECT_VERSION = 1;
				DEVELOPMENT_TEAM = 22U79C2DSK;
				GENERATE_INFOPLIST_FILE = YES;
				INFOPLIST_FILE = BackUploadsWithAws/Info.plist;
				INFOPLIST_KEY_CFBundleDisplayName = "Backs Up";
				INFOPLIST_KEY_NSCameraUsageDescription = "Please let BackUploadsWithAws access your camera for better usage experience";
				INFOPLIST_KEY_NSMicrophoneUsageDescription = "Please let BackUploadsWithAws access your microphone for better usage experience";
				INFOPLIST_KEY_NSPhotoLibraryUsageDescription = "Please let BackUploadsWithAws access your photo library for better usage experience";
				INFOPLIST_KEY_UIApplicationSupportsIndirectInputEvents = YES;
				INFOPLIST_KEY_UILaunchStoryboardName = LaunchScreen;
				INFOPLIST_KEY_UIMainStoryboardFile = Main;
				INFOPLIST_KEY_UIStatusBarStyle = UIStatusBarStyleDarkContent;
				INFOPLIST_KEY_UISupportedInterfaceOrientations = UIInterfaceOrientationPortrait;
				INFOPLIST_KEY_UISupportedInterfaceOrientations_iPad = "UIInterfaceOrientationLandscapeLeft UIInterfaceOrientationLandscapeRight UIInterfaceOrientationPortrait UIInterfaceOrientationPortraitUpsideDown";
				INFOPLIST_KEY_UIUserInterfaceStyle = Light;
				IPHONEOS_DEPLOYMENT_TARGET = 15.0;
				LD_RUNPATH_SEARCH_PATHS = (
					"$(inherited)",
					"@executable_path/Frameworks",
				);
				MARKETING_VERSION = 1.0;
				PRODUCT_BUNDLE_IDENTIFIER = com.ezengold.BackUploadsWithAws;
				PRODUCT_NAME = "$(TARGET_NAME)";
				SUPPORTED_PLATFORMS = "iphoneos iphonesimulator";
				SUPPORTS_MACCATALYST = NO;
				SUPPORTS_MAC_DESIGNED_FOR_IPHONE_IPAD = NO;
				SWIFT_EMIT_LOC_STRINGS = YES;
				SWIFT_VERSION = 5.0;
				TARGETED_DEVICE_FAMILY = 1;
			};
			name = Release;
		};
/* End XCBuildConfiguration section */

/* Begin XCConfigurationList section */
		B1E325BB2AB03AB0003BF87D /* Build configuration list for PBXProject "BackUploadsWithAws" */ = {
			isa = XCConfigurationList;
			buildConfigurations = (
				B1E325D22AB03AB1003BF87D /* Debug */,
				B1E325D32AB03AB1003BF87D /* Release */,
			);
			defaultConfigurationIsVisible = 0;
			defaultConfigurationName = Release;
		};
		B1E325D42AB03AB1003BF87D /* Build configuration list for PBXNativeTarget "BackUploadsWithAws" */ = {
			isa = XCConfigurationList;
			buildConfigurations = (
				B1E325D52AB03AB1003BF87D /* Debug */,
				B1E325D62AB03AB1003BF87D /* Release */,
			);
			defaultConfigurationIsVisible = 0;
			defaultConfigurationName = Release;
		};
/* End XCConfigurationList section */
	};
	rootObject = B1E325B82AB03AB0003BF87D /* Project object */;
}
